
Microsoft Visual Studio Solution File, Format Version 12.00
# Visual Studio Version 16
VisualStudioVersion = 16.0.30711.63
MinimumVisualStudioVersion = 10.0.40219.1
Project("{9A19103F-16F7-4668-BE54-9A1E7A4F7556}") = "SnakesLadder.Application", "..\SnakesLadder.Application\SnakesLadder.Application.csproj", "{C61E5790-E1A1-4B74-A5C2-6E31853FCADB}"
EndProject
Project("{9A19103F-16F7-4668-BE54-9A1E7A4F7556}") = "SnakesLadder.Domain", "..\SnakesLadder.Domain\SnakesLadder.Domain.csproj", "{F74BD066-7EED-4436-BAF5-895E62FF2E2F}"
EndProject
Project("{9A19103F-16F7-4668-BE54-9A1E7A4F7556}") = "SnakesLadder.Infrastructure", "..\SnakesLadder.Infrastructure\SnakesLadder.Infrastructure.csproj", "{93B9B911-D81B-47EC-BE4A-620D39863948}"
EndProject
Project("{9A19103F-16F7-4668-BE54-9A1E7A4F7556}") = "SnakesLadder.Persistance", "..\SnakesLadder.Persistance\SnakesLadder.Persistance.csproj", "{2E506DAA-17F9-4740-883C-7812804A1AC4}"
EndProject
Project("{9A19103F-16F7-4668-BE54-9A1E7A4F7556}") = "SnakesLadder.UI", "..\SnakesLadder.UI\SnakesLadder.UI.csproj", "{561CB5BB-A23D-4B0F-B76B-BB1024BCD8A1}"
EndProject
Project("{2150E333-8FDC-42A3-9474-1A3956D46DE8}") = "Tests", "Tests", "{2E036D9F-451C-4BB3-BE2B-6388844C8A4F}"
EndProject
Project("{2150E333-8FDC-42A3-9474-1A3956D46DE8}") = "AcceptanceTests", "AcceptanceTests", "{B67D88AE-65FB-49EA-A957-12EC274E6B2E}"
EndProject
Project("{2150E333-8FDC-42A3-9474-1A3956D46DE8}") = "IntegrationTests", "IntegrationTests", "{0EC23D7B-8FC5-4B42-A28A-7ED186263B62}"
EndProject
Project("{2150E333-8FDC-42A3-9474-1A3956D46DE8}") = "SmokeTest", "SmokeTest", "{8AA8C061-E5A9-4F48-B94D-5F0FFE10D9EF}"
EndProject
Project("{2150E333-8FDC-42A3-9474-1A3956D46DE8}") = "UnitTests", "UnitTests", "{369B2CD5-F5ED-4811-9471-65E2C8324BCA}"
EndProject
Project("{9A19103F-16F7-4668-BE54-9A1E7A4F7556}") = "SnakesLadder.UnitTest", "SnakesLadder.UnitTest\SnakesLadder.UnitTest.csproj", "{92205E03-2EA6-4435-BAC1-FA9875DEBB9A}"
EndProject
Project("{9A19103F-16F7-4668-BE54-9A1E7A4F7556}") = "Snakesladder.Tests", "Snakesladder.Tests\Snakesladder.Tests.csproj", "{E7B9B564-FE9D-4059-A741-D56512755512}"
EndProject
Global
	GlobalSection(SolutionConfigurationPlatforms) = preSolution
		Debug|Any CPU = Debug|Any CPU
		Release|Any CPU = Release|Any CPU
	EndGlobalSection
	GlobalSection(ProjectConfigurationPlatforms) = postSolution
		{C61E5790-E1A1-4B74-A5C2-6E31853FCADB}.Debug|Any CPU.ActiveCfg = Debug|Any CPU
		{C61E5790-E1A1-4B74-A5C2-6E31853FCADB}.Debug|Any CPU.Build.0 = Debug|Any CPU
		{C61E5790-E1A1-4B74-A5C2-6E31853FCADB}.Release|Any CPU.ActiveCfg = Release|Any CPU
		{C61E5790-E1A1-4B74-A5C2-6E31853FCADB}.Release|Any CPU.Build.0 = Release|Any CPU
		{F74BD066-7EED-4436-BAF5-895E62FF2E2F}.Debug|Any CPU.ActiveCfg = Debug|Any CPU
		{F74BD066-7EED-4436-BAF5-895E62FF2E2F}.Debug|Any CPU.Build.0 = Debug|Any CPU
		{F74BD066-7EED-4436-BAF5-895E62FF2E2F}.Release|Any CPU.ActiveCfg = Release|Any CPU
		{F74BD066-7EED-4436-BAF5-895E62FF2E2F}.Release|Any CPU.Build.0 = Release|Any CPU
		{93B9B911-D81B-47EC-BE4A-620D39863948}.Debug|Any CPU.ActiveCfg = Debug|Any CPU
		{93B9B911-D81B-47EC-BE4A-620D39863948}.Debug|Any CPU.Build.0 = Debug|Any CPU
		{93B9B911-D81B-47EC-BE4A-620D39863948}.Release|Any CPU.ActiveCfg = Release|Any CPU
		{93B9B911-D81B-47EC-BE4A-620D39863948}.Release|Any CPU.Build.0 = Release|Any CPU
		{2E506DAA-17F9-4740-883C-7812804A1AC4}.Debug|Any CPU.ActiveCfg = Debug|Any CPU
		{2E506DAA-17F9-4740-883C-7812804A1AC4}.Debug|Any CPU.Build.0 = Debug|Any CPU
		{2E506DAA-17F9-4740-883C-7812804A1AC4}.Release|Any CPU.ActiveCfg = Release|Any CPU
		{2E506DAA-17F9-4740-883C-7812804A1AC4}.Release|Any CPU.Build.0 = Release|Any CPU
		{561CB5BB-A23D-4B0F-B76B-BB1024BCD8A1}.Debug|Any CPU.ActiveCfg = Debug|Any CPU
		{561CB5BB-A23D-4B0F-B76B-BB1024BCD8A1}.Debug|Any CPU.Build.0 = Debug|Any CPU
		{561CB5BB-A23D-4B0F-B76B-BB1024BCD8A1}.Release|Any CPU.ActiveCfg = Release|Any CPU
		{561CB5BB-A23D-4B0F-B76B-BB1024BCD8A1}.Release|Any CPU.Build.0 = Release|Any CPU
		{92205E03-2EA6-4435-BAC1-FA9875DEBB9A}.Debug|Any CPU.ActiveCfg = Debug|Any CPU
		{92205E03-2EA6-4435-BAC1-FA9875DEBB9A}.Debug|Any CPU.Build.0 = Debug|Any CPU
		{92205E03-2EA6-4435-BAC1-FA9875DEBB9A}.Release|Any CPU.ActiveCfg = Release|Any CPU
		{92205E03-2EA6-4435-BAC1-FA9875DEBB9A}.Release|Any CPU.Build.0 = Release|Any CPU
		{E7B9B564-FE9D-4059-A741-D56512755512}.Debug|Any CPU.ActiveCfg = Debug|Any CPU
		{E7B9B564-FE9D-4059-A741-D56512755512}.Debug|Any CPU.Build.0 = Debug|Any CPU
		{E7B9B564-FE9D-4059-A741-D56512755512}.Release|Any CPU.ActiveCfg = Release|Any CPU
		{E7B9B564-FE9D-4059-A741-D56512755512}.Release|Any CPU.Build.0 = Release|Any CPU
	EndGlobalSection
	GlobalSection(SolutionProperties) = preSolution
		HideSolutionNode = FALSE
	EndGlobalSection
	GlobalSection(NestedProjects) = preSolution
		{B67D88AE-65FB-49EA-A957-12EC274E6B2E} = {2E036D9F-451C-4BB3-BE2B-6388844C8A4F}
		{0EC23D7B-8FC5-4B42-A28A-7ED186263B62} = {2E036D9F-451C-4BB3-BE2B-6388844C8A4F}
		{8AA8C061-E5A9-4F48-B94D-5F0FFE10D9EF} = {2E036D9F-451C-4BB3-BE2B-6388844C8A4F}
		{369B2CD5-F5ED-4811-9471-65E2C8324BCA} = {2E036D9F-451C-4BB3-BE2B-6388844C8A4F}
		{92205E03-2EA6-4435-BAC1-FA9875DEBB9A} = {369B2CD5-F5ED-4811-9471-65E2C8324BCA}
		{E7B9B564-FE9D-4059-A741-D56512755512} = {2E036D9F-451C-4BB3-BE2B-6388844C8A4F}
	EndGlobalSection
	GlobalSection(ExtensibilityGlobals) = postSolution
		SolutionGuid = {AC185354-D2A6-4971-B9E0-DEA7681A8612}
	EndGlobalSection
EndGlobal
